
Microsoft Visual Studio Solution File, Format Version 12.00
# Visual Studio Version 17
VisualStudioVersion = 17.1.32328.378
MinimumVisualStudioVersion = 10.0.40219.1
Project("{FAE04EC0-301F-11D3-BF4B-00C04F79EFBC}") = "testApp", "testApp\testApp.csproj", "{D903E147-E06C-4812-B479-211ED5A3F633}"
EndProject
Global
	GlobalSection(SolutionConfigurationPlatforms) = preSolution
		Debug|Any CPU = Debug|Any CPU
		Release|Any CPU = Release|Any CPU
	EndGlobalSection
	GlobalSection(ProjectConfigurationPlatforms) = postSolution
		{D903E147-E06C-4812-B479-211ED5A3F633}.Debug|Any CPU.ActiveCfg = Debug|Any CPU
		{D903E147-E06C-4812-B479-211ED5A3F633}.Debug|Any CPU.Build.0 = Debug|Any CPU
		{D903E147-E06C-4812-B479-211ED5A3F633}.Release|Any CPU.ActiveCfg = Release|Any CPU
		{D903E147-E06C-4812-B479-211ED5A3F633}.Release|Any CPU.Build.0 = Release|Any CPU
	EndGlobalSection
	GlobalSection(SolutionProperties) = preSolution
		HideSolutionNode = FALSE
	EndGlobalSection
	GlobalSection(ExtensibilityGlobals) = postSolution
		SolutionGuid = {5B387959-43EC-4902-A68E-AFDDC53C9420}
	EndGlobalSection
EndGlobal
